# THIS IS AN AUTOGENERATED FILE. DO NOT EDIT THIS FILE DIRECTLY.
# yarn lockfile v1


"@vant/weapp@^1.4.0":
  version "1.4.0"
  resolved "https://registry.yarnpkg.com/@vant/weapp/-/weapp-1.4.0.tgz#b8e5db9daa451a68519096ce70a8886b99313bf6"
  integrity sha512-rvdwFVsKU/r8IhU6vFHe1/GApYP8CWgNOphJtig2hRdAOuhhcaHKuFjm1kkgcn+q3OZ4KUQ8/Ua0YICw7/sUtQ==
